{
  "name": "transparent-confidence-playground",
  "lockfileVersion": 3,
  "requires": true,
  "packages": {
    "": {
      "name": "transparent-confidence-playground",
      "dependencies": {
        "transparent-confidence": "^0.3.0"
      }
    },
    "node_modules/transparent-confidence": {
      "version": "0.3.0",
      "resolved": "https://registry.npmjs.org/transparent-confidence/-/transparent-confidence-0.3.0.tgz",
      "integrity": "sha512-paie9jdkG/6W6x7z/1npaLrHXSWQwcLD+0uSx9gf0lzlDlavrKwu7YiK3CuMCcUZ7myRdrzTWysIWJhUVRcjNg==",
      "license": "Apache-2.0",
      "engines": {
        "node": ">=20"
      }
    }
  }
}
